{
  "name": "subgraph-sql",
  "version": "1.0.0",
  "lockfileVersion": 1,
  "requires": true,
  "dependencies": {
    "argparse": {
      "version": "2.0.1",
      "resolved": "https://registry.npmjs.org/argparse/-/argparse-2.0.1.tgz",
      "integrity": "sha512-8+9WqebbFzpX9OR+Wa6O29asIogeRMzcGtAINdpMHHyAg10f05aSFVBbcEqGf/PXw1EjAZ+q2/bEBg3DvurK3Q==",
      "dev": true
    },
    "big-integer": {
      "version": "1.6.51",
      "resolved": "https://registry.npmjs.org/big-integer/-/big-integer-1.6.51.tgz",
      "integrity": "sha512-GPEid2Y9QU1Exl1rpO9B2IPJGHPSupF5GnVIP0blYvNOMer2bTvSWs1jGOUg04hTmu67nmLsQ9TBo1puaotBHg==",
      "dev": true
    },
    "node-sql-parser": {
      "version": "4.4.0",
      "resolved": "https://registry.npmjs.org/node-sql-parser/-/node-sql-parser-4.4.0.tgz",
      "integrity": "sha512-c5J7oxQk4XWnNWPaGZ4CS0HFSDJex/QjoCNUuUJ84PX0ehAHFfPPkpjChQ3uySmHKHiwiVKMDFmPsFlq1gSXFQ==",
      "dev": true,
      "requires": {
        "big-integer": "^1.6.48"
      }
    },
    "prettier": {
      "version": "2.7.1",
      "resolved": "https://registry.npmjs.org/prettier/-/prettier-2.7.1.tgz",
      "integrity": "sha512-ujppO+MkdPqoVINuDFDRLClm7D78qbDt0/NR+wp5FqEZOoTNAjPHWj17QRhu7geIHJfcNhRk1XVQmF8Bp3ye+g==",
      "dev": true
    },
    "prettier-plugin-sql": {
      "version": "0.10.2",
      "resolved": "https://registry.npmjs.org/prettier-plugin-sql/-/prettier-plugin-sql-0.10.2.tgz",
      "integrity": "sha512-N/UzXwHLZ3RGtCbegoEIKdqb1aQfjLQvbLWSR2QtGHrB9oGy9gWnUCqNG3dTlVnXUacRU/I6lMdhGryZdN6kZA==",
      "dev": true,
      "requires": {
        "node-sql-parser": "^4.4.0",
        "sql-formatter": "^8.2.0",
        "tslib": "^2.4.0"
      }
    },
    "sql-formatter": {
      "version": "8.2.0",
      "resolved": "https://registry.npmjs.org/sql-formatter/-/sql-formatter-8.2.0.tgz",
      "integrity": "sha512-5hQOSOk8jfhPkNgUmpm+9Fn2aaLWcf4vKL/dIvUN5q9rsamKHSyN/gL79xpkETNOyL+Zv5BMQfA7z9Rmz/DJJg==",
      "dev": true,
      "requires": {
        "argparse": "^2.0.1"
      }
    },
    "tslib": {
      "version": "2.4.0",
      "resolved": "https://registry.npmjs.org/tslib/-/tslib-2.4.0.tgz",
      "integrity": "sha512-d6xOpEDfsi2CZVlPQzGeux8XMwLT9hssAsaPYExaQMuYskwb+x1x7J371tWlbBdWHroy99KnVB6qIkUbs5X3UQ==",
      "dev": true
    }
  }
}
